{
  "semrelLockVersion": 1,
  "updatedAt": "2026-09-19T19:41:26Z",
  "plugins": [
    {
      "binaryName": "semrel-plugin-github",
      "ref": "@semrel/provider-github",
      "version": "0.5.3",
      "checksums": {
        "darwin_amd64": "8611921ce9bd9e2bd8ac164160197590eefccf05cc75557bcb4f07fafc250415",
        "darwin_arm64": "9bc47923022232234f0e570c5f8d00587237243e92270c9e60d8da01f185b62b",
        "linux_amd64": "94f1d93c0a6f23666ae535275642338e2f0f44ec84bf2d8e715ee4cd7f660e27",
        "linux_arm64": "f5c5675597179dc7a871f9b9db23624b1f40fe2394e1566722dc165faf3ec02c",
        "windows_amd64": "66f2db1f2b7c15bee3b5b6a4b796cb830c24788a3f79e14076b9c3d80348f7b0",
        "windows_arm64": "048a088e773925d848a6e18278392bdf77fc0c9306416bbd2bedbdce01076d93"
      }
    }
  ]
}
